// !$*UTF8*$!
{
	archiveVersion = 1;
	classes = {
	};
	objectVersion = 56;
	objects = {

/* Begin PBXBuildFile section */
		8C20771E29211EEC00378A06 /* SavedCountriesViewController.swift in Sources */ = {isa = PBXBuildFile; fileRef = 8C20771D29211EEC00378A06 /* SavedCountriesViewController.swift */; };
		8C20772029211F0100378A06 /* SavedCountriesViewModel.swift in Sources */ = {isa = PBXBuildFile; fileRef = 8C20771F29211F0100378A06 /* SavedCountriesViewModel.swift */; };
		8C207725292120A400378A06 /* TabbarViewController.swift in Sources */ = {isa = PBXBuildFile; fileRef = 8C207724292120A400378A06 /* TabbarViewController.swift */; };
		8C3CFD2B291CF2EE00612B62 /* AppDelegate.swift in Sources */ = {isa = PBXBuildFile; fileRef = 8C3CFD2A291CF2EE00612B62 /* AppDelegate.swift */; };
		8C3CFD2D291CF2EE00612B62 /* SceneDelegate.swift in Sources */ = {isa = PBXBuildFile; fileRef = 8C3CFD2C291CF2EE00612B62 /* SceneDelegate.swift */; };
		8C3CFD2F291CF2EE00612B62 /* HomeViewController.swift in Sources */ = {isa = PBXBuildFile; fileRef = 8C3CFD2E291CF2EE00612B62 /* HomeViewController.swift */; };
		8C3CFD34291CF2EE00612B62 /* Assets.xcassets in Resources */ = {isa = PBXBuildFile; fileRef = 8C3CFD33291CF2EE00612B62 /* Assets.xcassets */; };
		8C3CFD37291CF2EE00612B62 /* LaunchScreen.storyboard in Resources */ = {isa = PBXBuildFile; fileRef = 8C3CFD35291CF2EE00612B62 /* LaunchScreen.storyboard */; };
		8C3CFD4A291CFCE800612B62 /* NetworkManager.swift in Sources */ = {isa = PBXBuildFile; fileRef = 8C3CFD49291CFCE800612B62 /* NetworkManager.swift */; };
		8C3CFD66291D1DAA00612B62 /* NetworkService.swift in Sources */ = {isa = PBXBuildFile; fileRef = 8C3CFD65291D1DAA00612B62 /* NetworkService.swift */; };
		8C3CFD89291D287C00612B62 /* CountriesResponseModel.swift in Sources */ = {isa = PBXBuildFile; fileRef = 8C3CFD88291D287C00612B62 /* CountriesResponseModel.swift */; };
		8C3CFD8B291D2A0900612B62 /* Constant.swift in Sources */ = {isa = PBXBuildFile; fileRef = 8C3CFD8A291D2A0900612B62 /* Constant.swift */; };
		8C3CFD8D291D2A2B00612B62 /* NetworkEndPoint.swift in Sources */ = {isa = PBXBuildFile; fileRef = 8C3CFD8C291D2A2B00612B62 /* NetworkEndPoint.swift */; };
		8CD32BFC291DAAE500B0F836 /* SnapKit in Frameworks */ = {isa = PBXBuildFile; productRef = 8CD32BFB291DAAE500B0F836 /* SnapKit */; };
		8CD32BFF291DABAE00B0F836 /* CountryTVCell.swift in Sources */ = {isa = PBXBuildFile; fileRef = 8CD32BFE291DABAE00B0F836 /* CountryTVCell.swift */; };
		8CD32C01291DAC5400B0F836 /* HomeViewModel.swift in Sources */ = {isa = PBXBuildFile; fileRef = 8CD32C00291DAC5400B0F836 /* HomeViewModel.swift */; };
		8CD32C04291E664D00B0F836 /* DetailViewController.swift in Sources */ = {isa = PBXBuildFile; fileRef = 8CD32C03291E664D00B0F836 /* DetailViewController.swift */; };
		8CD32C06291E78BC00B0F836 /* StorageManager.swift in Sources */ = {isa = PBXBuildFile; fileRef = 8CD32C05291E78BC00B0F836 /* StorageManager.swift */; };
		8CD32C0C291EABE400B0F836 /* URLExtensions.swift in Sources */ = {isa = PBXBuildFile; fileRef = 8CD32C0B291EABE400B0F836 /* URLExtensions.swift */; };
		8CD32C10291EE4C400B0F836 /* CountryDetailResponseModel.swift in Sources */ = {isa = PBXBuildFile; fileRef = 8CD32C0F291EE4C400B0F836 /* CountryDetailResponseModel.swift */; };
		8CD32C12291EE55600B0F836 /* DetailViewModel.swift in Sources */ = {isa = PBXBuildFile; fileRef = 8CD32C11291EE55600B0F836 /* DetailViewModel.swift */; };
		8CD32C14291EF96000B0F836 /* UIViewControllerExtensions.swift in Sources */ = {isa = PBXBuildFile; fileRef = 8CD32C13291EF96000B0F836 /* UIViewControllerExtensions.swift */; };
		8CD32C18291F227000B0F836 /* UIImageViewExtensions.swift in Sources */ = {isa = PBXBuildFile; fileRef = 8CD32C17291F227000B0F836 /* UIImageViewExtensions.swift */; };
		8CD32C1B291FAC2300B0F836 /* SVGKit in Frameworks */ = {isa = PBXBuildFile; productRef = 8CD32C1A291FAC2300B0F836 /* SVGKit */; };
		8CD32C27292075F400B0F836 /* UIViewExtensions.swift in Sources */ = {isa = PBXBuildFile; fileRef = 8CD32C26292075F400B0F836 /* UIViewExtensions.swift */; };
/* End PBXBuildFile section */

/* Begin PBXFileReference section */
		8C20771D29211EEC00378A06 /* SavedCountriesViewController.swift */ = {isa = PBXFileReference; lastKnownFileType = sourcecode.swift; path = SavedCountriesViewController.swift; sourceTree = "<group>"; };
		8C20771F29211F0100378A06 /* SavedCountriesViewModel.swift */ = {isa = PBXFileReference; lastKnownFileType = sourcecode.swift; path = SavedCountriesViewModel.swift; sourceTree = "<group>"; };
		8C207724292120A400378A06 /* TabbarViewController.swift */ = {isa = PBXFileReference; lastKnownFileType = sourcecode.swift; path = TabbarViewController.swift; sourceTree = "<group>"; };
		8C3CFD27291CF2EE00612B62 /* Countries.app */ = {isa = PBXFileReference; explicitFileType = wrapper.application; includeInIndex = 0; path = Countries.app; sourceTree = BUILT_PRODUCTS_DIR; };
		8C3CFD2A291CF2EE00612B62 /* AppDelegate.swift */ = {isa = PBXFileReference; lastKnownFileType = sourcecode.swift; path = AppDelegate.swift; sourceTree = "<group>"; };
		8C3CFD2C291CF2EE00612B62 /* SceneDelegate.swift */ = {isa = PBXFileReference; lastKnownFileType = sourcecode.swift; path = SceneDelegate.swift; sourceTree = "<group>"; };
		8C3CFD2E291CF2EE00612B62 /* HomeViewController.swift */ = {isa = PBXFileReference; lastKnownFileType = sourcecode.swift; path = HomeViewController.swift; sourceTree = "<group>"; };
		8C3CFD33291CF2EE00612B62 /* Assets.xcassets */ = {isa = PBXFileReference; lastKnownFileType = folder.assetcatalog; path = Assets.xcassets; sourceTree = "<group>"; };
		8C3CFD36291CF2EE00612B62 /* Base */ = {isa = PBXFileReference; lastKnownFileType = file.storyboard; name = Base; path = Base.lproj/LaunchScreen.storyboard; sourceTree = "<group>"; };
		8C3CFD38291CF2EE00612B62 /* Info.plist */ = {isa = PBXFileReference; lastKnownFileType = text.plist.xml; path = Info.plist; sourceTree = "<group>"; };
		8C3CFD49291CFCE800612B62 /* NetworkManager.swift */ = {isa = PBXFileReference; lastKnownFileType = sourcecode.swift; path = NetworkManager.swift; sourceTree = "<group>"; };
		8C3CFD65291D1DAA00612B62 /* NetworkService.swift */ = {isa = PBXFileReference; lastKnownFileType = sourcecode.swift; path = NetworkService.swift; sourceTree = "<group>"; };
		8C3CFD88291D287C00612B62 /* CountriesResponseModel.swift */ = {isa = PBXFileReference; lastKnownFileType = sourcecode.swift; path = CountriesResponseModel.swift; sourceTree = "<group>"; };
		8C3CFD8A291D2A0900612B62 /* Constant.swift */ = {isa = PBXFileReference; lastKnownFileType = sourcecode.swift; path = Constant.swift; sourceTree = "<group>"; };
		8C3CFD8C291D2A2B00612B62 /* NetworkEndPoint.swift */ = {isa = PBXFileReference; lastKnownFileType = sourcecode.swift; path = NetworkEndPoint.swift; sourceTree = "<group>"; };
		8CD32BFE291DABAE00B0F836 /* CountryTVCell.swift */ = {isa = PBXFileReference; lastKnownFileType = sourcecode.swift; path = CountryTVCell.swift; sourceTree = "<group>"; };
		8CD32C00291DAC5400B0F836 /* HomeViewModel.swift */ = {isa = PBXFileReference; lastKnownFileType = sourcecode.swift; path = HomeViewModel.swift; sourceTree = "<group>"; };
		8CD32C03291E664D00B0F836 /* DetailViewController.swift */ = {isa = PBXFileReference; lastKnownFileType = sourcecode.swift; path = DetailViewController.swift; sourceTree = "<group>"; };
		8CD32C05291E78BC00B0F836 /* StorageManager.swift */ = {isa = PBXFileReference; lastKnownFileType = sourcecode.swift; path = StorageManager.swift; sourceTree = "<group>"; };
		8CD32C0B291EABE400B0F836 /* URLExtensions.swift */ = {isa = PBXFileReference; fileEncoding = 4; lastKnownFileType = sourcecode.swift; path = URLExtensions.swift; sourceTree = "<group>"; };
		8CD32C0F291EE4C400B0F836 /* CountryDetailResponseModel.swift */ = {isa = PBXFileReference; lastKnownFileType = sourcecode.swift; path = CountryDetailResponseModel.swift; sourceTree = "<group>"; };
		8CD32C11291EE55600B0F836 /* DetailViewModel.swift */ = {isa = PBXFileReference; lastKnownFileType = sourcecode.swift; path = DetailViewModel.swift; sourceTree = "<group>"; };
		8CD32C13291EF96000B0F836 /* UIViewControllerExtensions.swift */ = {isa = PBXFileReference; lastKnownFileType = sourcecode.swift; path = UIViewControllerExtensions.swift; sourceTree = "<group>"; };
		8CD32C17291F227000B0F836 /* UIImageViewExtensions.swift */ = {isa = PBXFileReference; lastKnownFileType = sourcecode.swift; path = UIImageViewExtensions.swift; sourceTree = "<group>"; };
		8CD32C26292075F400B0F836 /* UIViewExtensions.swift */ = {isa = PBXFileReference; lastKnownFileType = sourcecode.swift; path = UIViewExtensions.swift; sourceTree = "<group>"; };
/* End PBXFileReference section */

/* Begin PBXFrameworksBuildPhase section */
		8C3CFD24291CF2EE00612B62 /* Frameworks */ = {
			isa = PBXFrameworksBuildPhase;
			buildActionMask = 2147483647;
			files = (
				8CD32C1B291FAC2300B0F836 /* SVGKit in Frameworks */,
				8CD32BFC291DAAE500B0F836 /* SnapKit in Frameworks */,
			);
			runOnlyForDeploymentPostprocessing = 0;
		};
/* End PBXFrameworksBuildPhase section */

/* Begin PBXGroup section */
		8C20771C29211EC700378A06 /* SavedCountries */ = {
			isa = PBXGroup;
			children = (
				8C20771D29211EEC00378A06 /* SavedCountriesViewController.swift */,
				8C20771F29211F0100378A06 /* SavedCountriesViewModel.swift */,
			);
			path = SavedCountries;
			sourceTree = "<group>";
		};
		8C2077232921204900378A06 /* Tabbar */ = {
			isa = PBXGroup;
			children = (
				8C207724292120A400378A06 /* TabbarViewController.swift */,
			);
			path = Tabbar;
			sourceTree = "<group>";
		};
		8C3CFD1E291CF2EE00612B62 = {
			isa = PBXGroup;
			children = (
				8C3CFD29291CF2EE00612B62 /* Countries */,
				8C3CFD28291CF2EE00612B62 /* Products */,
			);
			sourceTree = "<group>";
		};
		8C3CFD28291CF2EE00612B62 /* Products */ = {
			isa = PBXGroup;
			children = (
				8C3CFD27291CF2EE00612B62 /* Countries.app */,
			);
			name = Products;
			sourceTree = "<group>";
		};
		8C3CFD29291CF2EE00612B62 /* Countries */ = {
			isa = PBXGroup;
			children = (
				8CD32BFD291DAB9000B0F836 /* Custom Views */,
				8C3CFD87291D286E00612B62 /* Models */,
				8C3CFD48291CF7CC00612B62 /* Service */,
				8C3CFD47291CF7C000612B62 /* Constants */,
				8C3CFD46291CF7B800612B62 /* Extensions */,
				8C3CFD44291CF79100612B62 /* Pages */,
				8C3CFD45291CF79C00612B62 /* Sources */,
				8C3CFD33291CF2EE00612B62 /* Assets.xcassets */,
				8C3CFD35291CF2EE00612B62 /* LaunchScreen.storyboard */,
				8C3CFD38291CF2EE00612B62 /* Info.plist */,
			);
			path = Countries;
			sourceTree = "<group>";
		};
		8C3CFD44291CF79100612B62 /* Pages */ = {
			isa = PBXGroup;
			children = (
				8C2077232921204900378A06 /* Tabbar */,
				8C20771C29211EC700378A06 /* SavedCountries */,
				8CD32C02291E662B00B0F836 /* Detail */,
				8C3CFD4D291D021C00612B62 /* Home */,
			);
			path = Pages;
			sourceTree = "<group>";
		};
		8C3CFD45291CF79C00612B62 /* Sources */ = {
			isa = PBXGroup;
			children = (
				8C3CFD2A291CF2EE00612B62 /* AppDelegate.swift */,
				8C3CFD2C291CF2EE00612B62 /* SceneDelegate.swift */,
			);
			path = Sources;
			sourceTree = "<group>";
		};
		8C3CFD46291CF7B800612B62 /* Extensions */ = {
			isa = PBXGroup;
			children = (
				8CD32C0B291EABE400B0F836 /* URLExtensions.swift */,
				8CD32C13291EF96000B0F836 /* UIViewControllerExtensions.swift */,
				8CD32C17291F227000B0F836 /* UIImageViewExtensions.swift */,
				8CD32C26292075F400B0F836 /* UIViewExtensions.swift */,
			);
			path = Extensions;
			sourceTree = "<group>";
		};
		8C3CFD47291CF7C000612B62 /* Constants */ = {
			isa = PBXGroup;
			children = (
				8C3CFD8A291D2A0900612B62 /* Constant.swift */,
				8C3CFD8C291D2A2B00612B62 /* NetworkEndPoint.swift */,
			);
			path = Constants;
			sourceTree = "<group>";
		};
		8C3CFD48291CF7CC00612B62 /* Service */ = {
			isa = PBXGroup;
			children = (
				8C3CFD65291D1DAA00612B62 /* NetworkService.swift */,
				8C3CFD49291CFCE800612B62 /* NetworkManager.swift */,
				8CD32C05291E78BC00B0F836 /* StorageManager.swift */,
			);
			path = Service;
			sourceTree = "<group>";
		};
		8C3CFD4D291D021C00612B62 /* Home */ = {
			isa = PBXGroup;
			children = (
				8C3CFD2E291CF2EE00612B62 /* HomeViewController.swift */,
				8CD32C00291DAC5400B0F836 /* HomeViewModel.swift */,
			);
			path = Home;
			sourceTree = "<group>";
		};
		8C3CFD87291D286E00612B62 /* Models */ = {
			isa = PBXGroup;
			children = (
				8C3CFD88291D287C00612B62 /* CountriesResponseModel.swift */,
				8CD32C0F291EE4C400B0F836 /* CountryDetailResponseModel.swift */,
			);
			path = Models;
			sourceTree = "<group>";
		};
		8CD32BFD291DAB9000B0F836 /* Custom Views */ = {
			isa = PBXGroup;
			children = (
				8CD32BFE291DABAE00B0F836 /* CountryTVCell.swift */,
			);
			path = "Custom Views";
			sourceTree = "<group>";
		};
		8CD32C02291E662B00B0F836 /* Detail */ = {
			isa = PBXGroup;
			children = (
				8CD32C03291E664D00B0F836 /* DetailViewController.swift */,
				8CD32C11291EE55600B0F836 /* DetailViewModel.swift */,
			);
			path = Detail;
			sourceTree = "<group>";
		};
/* End PBXGroup section */

/* Begin PBXNativeTarget section */
		8C3CFD26291CF2EE00612B62 /* Countries */ = {
			isa = PBXNativeTarget;
			buildConfigurationList = 8C3CFD3B291CF2EE00612B62 /* Build configuration list for PBXNativeTarget "Countries" */;
			buildPhases = (
				8C3CFD23291CF2EE00612B62 /* Sources */,
				8C3CFD24291CF2EE00612B62 /* Frameworks */,
				8C3CFD25291CF2EE00612B62 /* Resources */,
			);
			buildRules = (
			);
			dependencies = (
			);
			name = Countries;
			packageProductDependencies = (
				8CD32BFB291DAAE500B0F836 /* SnapKit */,
				8CD32C1A291FAC2300B0F836 /* SVGKit */,
			);
			productName = Countries;
			productReference = 8C3CFD27291CF2EE00612B62 /* Countries.app */;
			productType = "com.apple.product-type.application";
		};
/* End PBXNativeTarget section */

/* Begin PBXProject section */
		8C3CFD1F291CF2EE00612B62 /* Project object */ = {
			isa = PBXProject;
			attributes = {
				BuildIndependentTargetsInParallel = 1;
				LastSwiftUpdateCheck = 1400;
				LastUpgradeCheck = 1400;
				TargetAttributes = {
					8C3CFD26291CF2EE00612B62 = {
						CreatedOnToolsVersion = 14.0.1;
					};
				};
			};
			buildConfigurationList = 8C3CFD22291CF2EE00612B62 /* Build configuration list for PBXProject "Countries" */;
			compatibilityVersion = "Xcode 14.0";
			developmentRegion = en;
			hasScannedForEncodings = 0;
			knownRegions = (
				en,
				Base,
			);
			mainGroup = 8C3CFD1E291CF2EE00612B62;
			packageReferences = (
				8CD32BFA291DAAE500B0F836 /* XCRemoteSwiftPackageReference "SnapKit" */,
				8CD32C19291FAC2300B0F836 /* XCRemoteSwiftPackageReference "SVGKit" */,
			);
			productRefGroup = 8C3CFD28291CF2EE00612B62 /* Products */;
			projectDirPath = "";
			projectRoot = "";
			targets = (
				8C3CFD26291CF2EE00612B62 /* Countries */,
			);
		};
/* End PBXProject section */

/* Begin PBXResourcesBuildPhase section */
		8C3CFD25291CF2EE00612B62 /* Resources */ = {
			isa = PBXResourcesBuildPhase;
			buildActionMask = 2147483647;
			files = (
				8C3CFD37291CF2EE00612B62 /* LaunchScreen.storyboard in Resources */,
				8C3CFD34291CF2EE00612B62 /* Assets.xcassets in Resources */,
			);
			runOnlyForDeploymentPostprocessing = 0;
		};
/* End PBXResourcesBuildPhase section */

/* Begin PBXSourcesBuildPhase section */
		8C3CFD23291CF2EE00612B62 /* Sources */ = {
			isa = PBXSourcesBuildPhase;
			buildActionMask = 2147483647;
			files = (
				8CD32C10291EE4C400B0F836 /* CountryDetailResponseModel.swift in Sources */,
				8C3CFD8B291D2A0900612B62 /* Constant.swift in Sources */,
				8C207725292120A400378A06 /* TabbarViewController.swift in Sources */,
				8CD32C01291DAC5400B0F836 /* HomeViewModel.swift in Sources */,
				8C3CFD2F291CF2EE00612B62 /* HomeViewController.swift in Sources */,
				8CD32C27292075F400B0F836 /* UIViewExtensions.swift in Sources */,
				8CD32C0C291EABE400B0F836 /* URLExtensions.swift in Sources */,
				8C20771E29211EEC00378A06 /* SavedCountriesViewController.swift in Sources */,
				8CD32C04291E664D00B0F836 /* DetailViewController.swift in Sources */,
				8CD32BFF291DABAE00B0F836 /* CountryTVCell.swift in Sources */,
				8C3CFD4A291CFCE800612B62 /* NetworkManager.swift in Sources */,
				8C3CFD8D291D2A2B00612B62 /* NetworkEndPoint.swift in Sources */,
				8C3CFD89291D287C00612B62 /* CountriesResponseModel.swift in Sources */,
				8C3CFD2B291CF2EE00612B62 /* AppDelegate.swift in Sources */,
				8CD32C18291F227000B0F836 /* UIImageViewExtensions.swift in Sources */,
				8CD32C14291EF96000B0F836 /* UIViewControllerExtensions.swift in Sources */,
				8C20772029211F0100378A06 /* SavedCountriesViewModel.swift in Sources */,
				8C3CFD2D291CF2EE00612B62 /* SceneDelegate.swift in Sources */,
				8C3CFD66291D1DAA00612B62 /* NetworkService.swift in Sources */,
				8CD32C12291EE55600B0F836 /* DetailViewModel.swift in Sources */,
				8CD32C06291E78BC00B0F836 /* StorageManager.swift in Sources */,
			);
			runOnlyForDeploymentPostprocessing = 0;
		};
/* End PBXSourcesBuildPhase section */

/* Begin PBXVariantGroup section */
		8C3CFD35291CF2EE00612B62 /* LaunchScreen.storyboard */ = {
			isa = PBXVariantGroup;
			children = (
				8C3CFD36291CF2EE00612B62 /* Base */,
			);
			name = LaunchScreen.storyboard;
			sourceTree = "<group>";
		};
/* End PBXVariantGroup section */

/* Begin XCBuildConfiguration section */
		8C3CFD39291CF2EE00612B62 /* Debug */ = {
			isa = XCBuildConfiguration;
			buildSettings = {
				ALWAYS_SEARCH_USER_PATHS = NO;
				CLANG_ANALYZER_NONNULL = YES;
				CLANG_ANALYZER_NUMBER_OBJECT_CONVERSION = YES_AGGRESSIVE;
				CLANG_CXX_LANGUAGE_STANDARD = "gnu++20";
				CLANG_ENABLE_MODULES = YES;
				CLANG_ENABLE_OBJC_ARC = YES;
				CLANG_ENABLE_OBJC_WEAK = YES;
				CLANG_WARN_BLOCK_CAPTURE_AUTORELEASING = YES;
				CLANG_WARN_BOOL_CONVERSION = YES;
				CLANG_WARN_COMMA = YES;
				CLANG_WARN_CONSTANT_CONVERSION = YES;
				CLANG_WARN_DEPRECATED_OBJC_IMPLEMENTATIONS = YES;
				CLANG_WARN_DIRECT_OBJC_ISA_USAGE = YES_ERROR;
				CLANG_WARN_DOCUMENTATION_COMMENTS = YES;
				CLANG_WARN_EMPTY_BODY = YES;
				CLANG_WARN_ENUM_CONVERSION = YES;
				CLANG_WARN_INFINITE_RECURSION = YES;
				CLANG_WARN_INT_CONVERSION = YES;
				CLANG_WARN_NON_LITERAL_NULL_CONVERSION = YES;
				CLANG_WARN_OBJC_IMPLICIT_RETAIN_SELF = YES;
				CLANG_WARN_OBJC_LITERAL_CONVERSION = YES;
				CLANG_WARN_OBJC_ROOT_CLASS = YES_ERROR;
				CLANG_WARN_QUOTED_INCLUDE_IN_FRAMEWORK_HEADER = YES;
				CLANG_WARN_RANGE_LOOP_ANALYSIS = YES;
				CLANG_WARN_STRICT_PROTOTYPES = YES;
				CLANG_WARN_SUSPICIOUS_MOVE = YES;
				CLANG_WARN_UNGUARDED_AVAILABILITY = YES_AGGRESSIVE;
				CLANG_WARN_UNREACHABLE_CODE = YES;
				CLANG_WARN__DUPLICATE_METHOD_MATCH = YES;
				COPY_PHASE_STRIP = NO;
				DEBUG_INFORMATION_FORMAT = dwarf;
				ENABLE_STRICT_OBJC_MSGSEND = YES;
				ENABLE_TESTABILITY = YES;
				GCC_C_LANGUAGE_STANDARD = gnu11;
				GCC_DYNAMIC_NO_PIC = NO;
				GCC_NO_COMMON_BLOCKS = YES;
				GCC_OPTIMIZATION_LEVEL = 0;
				GCC_PREPROCESSOR_DEFINITIONS = (
					"DEBUG=1",
					"$(inherited)",
				);
				GCC_WARN_64_TO_32_BIT_CONVERSION = YES;
				GCC_WARN_ABOUT_RETURN_TYPE = YES_ERROR;
				GCC_WARN_UNDECLARED_SELECTOR = YES;
				GCC_WARN_UNINITIALIZED_AUTOS = YES_AGGRESSIVE;
				GCC_WARN_UNUSED_FUNCTION = YES;
				GCC_WARN_UNUSED_VARIABLE = YES;
				IPHONEOS_DEPLOYMENT_TARGET = 16.0;
				MTL_ENABLE_DEBUG_INFO = INCLUDE_SOURCE;
				MTL_FAST_MATH = YES;
				ONLY_ACTIVE_ARCH = YES;
				SDKROOT = iphoneos;
				SWIFT_ACTIVE_COMPILATION_CONDITIONS = DEBUG;
				SWIFT_OPTIMIZATION_LEVEL = "-Onone";
			};
			name = Debug;
		};
		8C3CFD3A291CF2EE00612B62 /* Release */ = {
			isa = XCBuildConfiguration;
			buildSettings = {
				ALWAYS_SEARCH_USER_PATHS = NO;
				CLANG_ANALYZER_NONNULL = YES;
				CLANG_ANALYZER_NUMBER_OBJECT_CONVERSION = YES_AGGRESSIVE;
				CLANG_CXX_LANGUAGE_STANDARD = "gnu++20";
				CLANG_ENABLE_MODULES = YES;
				CLANG_ENABLE_OBJC_ARC = YES;
				CLANG_ENABLE_OBJC_WEAK = YES;
				CLANG_WARN_BLOCK_CAPTURE_AUTORELEASING = YES;
				CLANG_WARN_BOOL_CONVERSION = YES;
				CLANG_WARN_COMMA = YES;
				CLANG_WARN_CONSTANT_CONVERSION = YES;
				CLANG_WARN_DEPRECATED_OBJC_IMPLEMENTATIONS = YES;
				CLANG_WARN_DIRECT_OBJC_ISA_USAGE = YES_ERROR;
				CLANG_WARN_DOCUMENTATION_COMMENTS = YES;
				CLANG_WARN_EMPTY_BODY = YES;
				CLANG_WARN_ENUM_CONVERSION = YES;
				CLANG_WARN_INFINITE_RECURSION = YES;
				CLANG_WARN_INT_CONVERSION = YES;
				CLANG_WARN_NON_LITERAL_NULL_CONVERSION = YES;
				CLANG_WARN_OBJC_IMPLICIT_RETAIN_SELF = YES;
				CLANG_WARN_OBJC_LITERAL_CONVERSION = YES;
				CLANG_WARN_OBJC_ROOT_CLASS = YES_ERROR;
				CLANG_WARN_QUOTED_INCLUDE_IN_FRAMEWORK_HEADER = YES;
				CLANG_WARN_RANGE_LOOP_ANALYSIS = YES;
				CLANG_WARN_STRICT_PROTOTYPES = YES;
				CLANG_WARN_SUSPICIOUS_MOVE = YES;
				CLANG_WARN_UNGUARDED_AVAILABILITY = YES_AGGRESSIVE;
				CLANG_WARN_UNREACHABLE_CODE = YES;
				CLANG_WARN__DUPLICATE_METHOD_MATCH = YES;
				COPY_PHASE_STRIP = NO;
				DEBUG_INFORMATION_FORMAT = "dwarf-with-dsym";
				ENABLE_NS_ASSERTIONS = NO;
				ENABLE_STRICT_OBJC_MSGSEND = YES;
				GCC_C_LANGUAGE_STANDARD = gnu11;
				GCC_NO_COMMON_BLOCKS = YES;
				GCC_WARN_64_TO_32_BIT_CONVERSION = YES;
				GCC_WARN_ABOUT_RETURN_TYPE = YES_ERROR;
				GCC_WARN_UNDECLARED_SELECTOR = YES;
				GCC_WARN_UNINITIALIZED_AUTOS = YES_AGGRESSIVE;
				GCC_WARN_UNUSED_FUNCTION = YES;
				GCC_WARN_UNUSED_VARIABLE = YES;
				IPHONEOS_DEPLOYMENT_TARGET = 16.0;
				MTL_ENABLE_DEBUG_INFO = NO;
				MTL_FAST_MATH = YES;
				SDKROOT = iphoneos;
				SWIFT_COMPILATION_MODE = wholemodule;
				SWIFT_OPTIMIZATION_LEVEL = "-O";
				VALIDATE_PRODUCT = YES;
			};
			name = Release;
		};
		8C3CFD3C291CF2EE00612B62 /* Debug */ = {
			isa = XCBuildConfiguration;
			buildSettings = {
				ASSETCATALOG_COMPILER_APPICON_NAME = AppIcon;
				ASSETCATALOG_COMPILER_GLOBAL_ACCENT_COLOR_NAME = AccentColor;
				CODE_SIGN_STYLE = Automatic;
				CURRENT_PROJECT_VERSION = 1;
				GENERATE_INFOPLIST_FILE = YES;
				INFOPLIST_FILE = Countries/Info.plist;
				INFOPLIST_KEY_UIApplicationSupportsIndirectInputEvents = YES;
				INFOPLIST_KEY_UILaunchStoryboardName = LaunchScreen;
				INFOPLIST_KEY_UISupportedInterfaceOrientations = UIInterfaceOrientationPortrait;
				INFOPLIST_KEY_UISupportedInterfaceOrientations_iPad = "UIInterfaceOrientationLandscapeLeft UIInterfaceOrientationLandscapeRight UIInterfaceOrientationPortrait UIInterfaceOrientationPortraitUpsideDown";
				LD_RUNPATH_SEARCH_PATHS = (
					"$(inherited)",
					"@executable_path/Frameworks",
				);
				MARKETING_VERSION = 1.0.1;
				PRODUCT_BUNDLE_IDENTIFIER = "by-knturn.Countries";
				PRODUCT_NAME = "$(TARGET_NAME)";
				SUPPORTED_PLATFORMS = "iphoneos iphonesimulator";
				SUPPORTS_MACCATALYST = NO;
				SUPPORTS_MAC_DESIGNED_FOR_IPHONE_IPAD = NO;
				SWIFT_EMIT_LOC_STRINGS = YES;
				SWIFT_VERSION = 5.0;
				TARGETED_DEVICE_FAMILY = 1;
			};
			name = Debug;
		};
		8C3CFD3D291CF2EE00612B62 /* Release */ = {
			isa = XCBuildConfiguration;
			buildSettings = {
				ASSETCATALOG_COMPILER_APPICON_NAME = AppIcon;
				ASSETCATALOG_COMPILER_GLOBAL_ACCENT_COLOR_NAME = AccentColor;
				CODE_SIGN_STYLE = Automatic;
				CURRENT_PROJECT_VERSION = 1;
				GENERATE_INFOPLIST_FILE = YES;
				INFOPLIST_FILE = Countries/Info.plist;
				INFOPLIST_KEY_UIApplicationSupportsIndirectInputEvents = YES;
				INFOPLIST_KEY_UILaunchStoryboardName = LaunchScreen;
				INFOPLIST_KEY_UISupportedInterfaceOrientations = UIInterfaceOrientationPortrait;
				INFOPLIST_KEY_UISupportedInterfaceOrientations_iPad = "UIInterfaceOrientationLandscapeLeft UIInterfaceOrientationLandscapeRight UIInterfaceOrientationPortrait UIInterfaceOrientationPortraitUpsideDown";
				LD_RUNPATH_SEARCH_PATHS = (
					"$(inherited)",
					"@executable_path/Frameworks",
				);
				MARKETING_VERSION = 1.0.1;
				PRODUCT_BUNDLE_IDENTIFIER = "by-knturn.Countries";
				PRODUCT_NAME = "$(TARGET_NAME)";
				SUPPORTED_PLATFORMS = "iphoneos iphonesimulator";
				SUPPORTS_MACCATALYST = NO;
				SUPPORTS_MAC_DESIGNED_FOR_IPHONE_IPAD = NO;
				SWIFT_EMIT_LOC_STRINGS = YES;
				SWIFT_VERSION = 5.0;
				TARGETED_DEVICE_FAMILY = 1;
			};
			name = Release;
		};
/* End XCBuildConfiguration section */

/* Begin XCConfigurationList section */
		8C3CFD22291CF2EE00612B62 /* Build configuration list for PBXProject "Countries" */ = {
			isa = XCConfigurationList;
			buildConfigurations = (
				8C3CFD39291CF2EE00612B62 /* Debug */,
				8C3CFD3A291CF2EE00612B62 /* Release */,
			);
			defaultConfigurationIsVisible = 0;
			defaultConfigurationName = Release;
		};
		8C3CFD3B291CF2EE00612B62 /* Build configuration list for PBXNativeTarget "Countries" */ = {
			isa = XCConfigurationList;
			buildConfigurations = (
				8C3CFD3C291CF2EE00612B62 /* Debug */,
				8C3CFD3D291CF2EE00612B62 /* Release */,
			);
			defaultConfigurationIsVisible = 0;
			defaultConfigurationName = Release;
		};
/* End XCConfigurationList section */

/* Begin XCRemoteSwiftPackageReference section */
		8CD32BFA291DAAE500B0F836 /* XCRemoteSwiftPackageReference "SnapKit" */ = {
			isa = XCRemoteSwiftPackageReference;
			repositoryURL = "https://github.com/SnapKit/SnapKit.git";
			requirement = {
				kind = upToNextMajorVersion;
				minimumVersion = 5.0.1;
			};
		};
		8CD32C19291FAC2300B0F836 /* XCRemoteSwiftPackageReference "SVGKit" */ = {
			isa = XCRemoteSwiftPackageReference;
			repositoryURL = "https://github.com/SVGKit/SVGKit.git";
			requirement = {
				kind = upToNextMajorVersion;
				minimumVersion = 3.0.0;
			};
		};
/* End XCRemoteSwiftPackageReference section */

/* Begin XCSwiftPackageProductDependency section */
		8CD32BFB291DAAE500B0F836 /* SnapKit */ = {
			isa = XCSwiftPackageProductDependency;
			package = 8CD32BFA291DAAE500B0F836 /* XCRemoteSwiftPackageReference "SnapKit" */;
			productName = SnapKit;
		};
		8CD32C1A291FAC2300B0F836 /* SVGKit */ = {
			isa = XCSwiftPackageProductDependency;
			package = 8CD32C19291FAC2300B0F836 /* XCRemoteSwiftPackageReference "SVGKit" */;
			productName = SVGKit;
		};
/* End XCSwiftPackageProductDependency section */
	};
	rootObject = 8C3CFD1F291CF2EE00612B62 /* Project object */;
}
